// !$*UTF8*$!
{
	archiveVersion = 1;
	classes = {
	};
	objectVersion = 46;
	objects = {

/* Begin PBXBuildFile section */
		3A8572B41CBFE0A1005FAA7E /* KeychainItemWrapper.h in Headers */ = {isa = PBXBuildFile; fileRef = 3A8572B31CBFE0A1005FAA7E /* KeychainItemWrapper.h */; settings = {ATTRIBUTES = (Public, ); }; };
		3A8572BD1CBFE0FA005FAA7E /* DCKeychainItemWrapper.h in Headers */ = {isa = PBXBuildFile; fileRef = 3A8572BB1CBFE0FA005FAA7E /* DCKeychainItemWrapper.h */; settings = {ATTRIBUTES = (Public, ); }; };
		3A8572BE1CBFE0FA005FAA7E /* DCKeychainItemWrapper.m in Sources */ = {isa = PBXBuildFile; fileRef = 3A8572BC1CBFE0FA005FAA7E /* DCKeychainItemWrapper.m */; };
		DC7285A91CE0FB8500F2D8DB /* KeychainItemWrapper.h in Headers */ = {isa = PBXBuildFile; fileRef = 3A8572B31CBFE0A1005FAA7E /* KeychainItemWrapper.h */; settings = {ATTRIBUTES = (Public, ); }; };
		DC7285AA1CE1028800F2D8DB /* DCKeychainItemWrapper.m in Sources */ = {isa = PBXBuildFile; fileRef = 3A8572BC1CBFE0FA005FAA7E /* DCKeychainItemWrapper.m */; };
		DC7285AB1CE1028B00F2D8DB /* DCKeychainItemWrapper.h in Headers */ = {isa = PBXBuildFile; fileRef = 3A8572BB1CBFE0FA005FAA7E /* DCKeychainItemWrapper.h */; settings = {ATTRIBUTES = (Public, ); }; };
/* End PBXBuildFile section */

/* Begin PBXFileReference section */
		3A8572B01CBFE0A1005FAA7E /* KeychainItemWrapper.framework */ = {isa = PBXFileReference; explicitFileType = wrapper.framework; includeInIndex = 0; path = KeychainItemWrapper.framework; sourceTree = BUILT_PRODUCTS_DIR; };
		3A8572B31CBFE0A1005FAA7E /* KeychainItemWrapper.h */ = {isa = PBXFileReference; lastKnownFileType = sourcecode.c.h; path = KeychainItemWrapper.h; sourceTree = "<group>"; };
		3A8572B51CBFE0A1005FAA7E /* Info.plist */ = {isa = PBXFileReference; lastKnownFileType = text.plist.xml; path = Info.plist; sourceTree = "<group>"; };
		3A8572BB1CBFE0FA005FAA7E /* DCKeychainItemWrapper.h */ = {isa = PBXFileReference; fileEncoding = 4; lastKnownFileType = sourcecode.c.h; path = DCKeychainItemWrapper.h; sourceTree = "<group>"; };
		3A8572BC1CBFE0FA005FAA7E /* DCKeychainItemWrapper.m */ = {isa = PBXFileReference; fileEncoding = 4; lastKnownFileType = sourcecode.c.objc; path = DCKeychainItemWrapper.m; sourceTree = "<group>"; };
		DC7285A11CE0FB7C00F2D8DB /* KeychainItemWrapper.framework */ = {isa = PBXFileReference; explicitFileType = wrapper.framework; includeInIndex = 0; path = KeychainItemWrapper.framework; sourceTree = BUILT_PRODUCTS_DIR; };
/* End PBXFileReference section */

/* Begin PBXFrameworksBuildPhase section */
		3A8572AC1CBFE0A1005FAA7E /* Frameworks */ = {
			isa = PBXFrameworksBuildPhase;
			buildActionMask = 2147483647;
			files = (
			);
			runOnlyForDeploymentPostprocessing = 0;
		};
		DC72859D1CE0FB7C00F2D8DB /* Frameworks */ = {
			isa = PBXFrameworksBuildPhase;
			buildActionMask = 2147483647;
			files = (
			);
			runOnlyForDeploymentPostprocessing = 0;
		};
/* End PBXFrameworksBuildPhase section */

/* Begin PBXGroup section */
		3A8572A61CBFE0A1005FAA7E = {
			isa = PBXGroup;
			children = (
				3A8572B21CBFE0A1005FAA7E /* DCKeychainItemWrapper */,
				3A8572B11CBFE0A1005FAA7E /* Products */,
			);
			sourceTree = "<group>";
		};
		3A8572B11CBFE0A1005FAA7E /* Products */ = {
			isa = PBXGroup;
			children = (
				3A8572B01CBFE0A1005FAA7E /* KeychainItemWrapper.framework */,
				DC7285A11CE0FB7C00F2D8DB /* KeychainItemWrapper.framework */,
			);
			name = Products;
			sourceTree = "<group>";
		};
		3A8572B21CBFE0A1005FAA7E /* DCKeychainItemWrapper */ = {
			isa = PBXGroup;
			children = (
				3A8572BB1CBFE0FA005FAA7E /* DCKeychainItemWrapper.h */,
				3A8572BC1CBFE0FA005FAA7E /* DCKeychainItemWrapper.m */,
				3A8572B31CBFE0A1005FAA7E /* KeychainItemWrapper.h */,
				3A8572B51CBFE0A1005FAA7E /* Info.plist */,
			);
			path = DCKeychainItemWrapper;
			sourceTree = "<group>";
		};
/* End PBXGroup section */

/* Begin PBXHeadersBuildPhase section */
		3A8572AD1CBFE0A1005FAA7E /* Headers */ = {
			isa = PBXHeadersBuildPhase;
			buildActionMask = 2147483647;
			files = (
				3A8572BD1CBFE0FA005FAA7E /* DCKeychainItemWrapper.h in Headers */,
				3A8572B41CBFE0A1005FAA7E /* KeychainItemWrapper.h in Headers */,
			);
			runOnlyForDeploymentPostprocessing = 0;
		};
		DC72859E1CE0FB7C00F2D8DB /* Headers */ = {
			isa = PBXHeadersBuildPhase;
			buildActionMask = 2147483647;
			files = (
				DC7285AB1CE1028B00F2D8DB /* DCKeychainItemWrapper.h in Headers */,
				DC7285A91CE0FB8500F2D8DB /* KeychainItemWrapper.h in Headers */,
			);
			runOnlyForDeploymentPostprocessing = 0;
		};
/* End PBXHeadersBuildPhase section */

/* Begin PBXNativeTarget section */
		3A8572AF1CBFE0A1005FAA7E /* KeychainItemWrapper */ = {
			isa = PBXNativeTarget;
			buildConfigurationList = 3A8572B81CBFE0A1005FAA7E /* Build configuration list for PBXNativeTarget "KeychainItemWrapper" */;
			buildPhases = (
				3A8572AB1CBFE0A1005FAA7E /* Sources */,
				3A8572AC1CBFE0A1005FAA7E /* Frameworks */,
				3A8572AD1CBFE0A1005FAA7E /* Headers */,
				3A8572AE1CBFE0A1005FAA7E /* Resources */,
			);
			buildRules = (
			);
			dependencies = (
			);
			name = KeychainItemWrapper;
			productName = DCKeychainItemWrapper;
			productReference = 3A8572B01CBFE0A1005FAA7E /* KeychainItemWrapper.framework */;
			productType = "com.apple.product-type.framework";
		};
		DC7285A01CE0FB7C00F2D8DB /* DCKeychainItemWrapper watchOS */ = {
			isa = PBXNativeTarget;
			buildConfigurationList = DC7285A81CE0FB7C00F2D8DB /* Build configuration list for PBXNativeTarget "DCKeychainItemWrapper watchOS" */;
			buildPhases = (
				DC72859C1CE0FB7C00F2D8DB /* Sources */,
				DC72859D1CE0FB7C00F2D8DB /* Frameworks */,
				DC72859E1CE0FB7C00F2D8DB /* Headers */,
				DC72859F1CE0FB7C00F2D8DB /* Resources */,
			);
			buildRules = (
			);
			dependencies = (
			);
			name = "DCKeychainItemWrapper watchOS";
			productName = "DCKeychainItemWrapper watchOS";
			productReference = DC7285A11CE0FB7C00F2D8DB /* KeychainItemWrapper.framework */;
			productType = "com.apple.product-type.framework";
		};
/* End PBXNativeTarget section */

/* Begin PBXProject section */
		3A8572A71CBFE0A1005FAA7E /* Project object */ = {
			isa = PBXProject;
			attributes = {
				LastUpgradeCheck = 0730;
				ORGANIZATIONNAME = "Drew Conner";
				TargetAttributes = {
					3A8572AF1CBFE0A1005FAA7E = {
						CreatedOnToolsVersion = 7.3;
					};
					DC7285A01CE0FB7C00F2D8DB = {
						CreatedOnToolsVersion = 7.3.1;
					};
				};
			};
			buildConfigurationList = 3A8572AA1CBFE0A1005FAA7E /* Build configuration list for PBXProject "DCKeychainItemWrapper" */;
			compatibilityVersion = "Xcode 3.2";
			developmentRegion = English;
			hasScannedForEncodings = 0;
			knownRegions = (
				en,
			);
			mainGroup = 3A8572A61CBFE0A1005FAA7E;
			productRefGroup = 3A8572B11CBFE0A1005FAA7E /* Products */;
			projectDirPath = "";
			projectRoot = "";
			targets = (
				3A8572AF1CBFE0A1005FAA7E /* KeychainItemWrapper */,
				DC7285A01CE0FB7C00F2D8DB /* DCKeychainItemWrapper watchOS */,
			);
		};
/* End PBXProject section */

/* Begin PBXResourcesBuildPhase section */
		3A8572AE1CBFE0A1005FAA7E /* Resources */ = {
			isa = PBXResourcesBuildPhase;
			buildActionMask = 2147483647;
			files = (
			);
			runOnlyForDeploymentPostprocessing = 0;
		};
		DC72859F1CE0FB7C00F2D8DB /* Resources */ = {
			isa = PBXResourcesBuildPhase;
			buildActionMask = 2147483647;
			files = (
			);
			runOnlyForDeploymentPostprocessing = 0;
		};
/* End PBXResourcesBuildPhase section */

/* Begin PBXSourcesBuildPhase section */
		3A8572AB1CBFE0A1005FAA7E /* Sources */ = {
			isa = PBXSourcesBuildPhase;
			buildActionMask = 2147483647;
			files = (
				3A8572BE1CBFE0FA005FAA7E /* DCKeychainItemWrapper.m in Sources */,
			);
			runOnlyForDeploymentPostprocessing = 0;
		};
		DC72859C1CE0FB7C00F2D8DB /* Sources */ = {
			isa = PBXSourcesBuildPhase;
			buildActionMask = 2147483647;
			files = (
				DC7285AA1CE1028800F2D8DB /* DCKeychainItemWrapper.m in Sources */,
			);
			runOnlyForDeploymentPostprocessing = 0;
		};
/* End PBXSourcesBuildPhase section */

/* Begin XCBuildConfiguration section */
		3A8572B61CBFE0A1005FAA7E /* Debug */ = {
			isa = XCBuildConfiguration;
			buildSettings = {
				ALWAYS_SEARCH_USER_PATHS = NO;
				CLANG_ANALYZER_NONNULL = YES;
				CLANG_CXX_LANGUAGE_STANDARD = "gnu++0x";
				CLANG_CXX_LIBRARY = "libc++";
				CLANG_ENABLE_MODULES = YES;
				CLANG_ENABLE_OBJC_ARC = YES;
				CLANG_WARN_BOOL_CONVERSION = YES;
				CLANG_WARN_CONSTANT_CONVERSION = YES;
				CLANG_WARN_DIRECT_OBJC_ISA_USAGE = YES_ERROR;
				CLANG_WARN_EMPTY_BODY = YES;
				CLANG_WARN_ENUM_CONVERSION = YES;
				CLANG_WARN_INT_CONVERSION = YES;
				CLANG_WARN_OBJC_ROOT_CLASS = YES_ERROR;
				CLANG_WARN_UNREACHABLE_CODE = YES;
				CLANG_WARN__DUPLICATE_METHOD_MATCH = YES;
				"CODE_SIGN_IDENTITY[sdk=iphoneos*]" = "iPhone Developer";
				COPY_PHASE_STRIP = NO;
				CURRENT_PROJECT_VERSION = 1;
				DEBUG_INFORMATION_FORMAT = dwarf;
				ENABLE_STRICT_OBJC_MSGSEND = YES;
				ENABLE_TESTABILITY = YES;
				GCC_C_LANGUAGE_STANDARD = gnu99;
				GCC_DYNAMIC_NO_PIC = NO;
				GCC_NO_COMMON_BLOCKS = YES;
				GCC_OPTIMIZATION_LEVEL = 0;
				GCC_PREPROCESSOR_DEFINITIONS = (
					"DEBUG=1",
					"$(inherited)",
				);
				GCC_WARN_64_TO_32_BIT_CONVERSION = YES;
				GCC_WARN_ABOUT_RETURN_TYPE = YES_ERROR;
				GCC_WARN_UNDECLARED_SELECTOR = YES;
				GCC_WARN_UNINITIALIZED_AUTOS = YES_AGGRESSIVE;
				GCC_WARN_UNUSED_FUNCTION = YES;
				GCC_WARN_UNUSED_VARIABLE = YES;
				IPHONEOS_DEPLOYMENT_TARGET = 9.3;
				MTL_ENABLE_DEBUG_INFO = YES;
				ONLY_ACTIVE_ARCH = YES;
				SDKROOT = iphoneos;
				TARGETED_DEVICE_FAMILY = "1,2";
				VERSIONING_SYSTEM = "apple-generic";
				VERSION_INFO_PREFIX = "";
			};
			name = Debug;
		};
		3A8572B71CBFE0A1005FAA7E /* Release */ = {
			isa = XCBuildConfiguration;
			buildSettings = {
				ALWAYS_SEARCH_USER_PATHS = NO;
				CLANG_ANALYZER_NONNULL = YES;
				CLANG_CXX_LANGUAGE_STANDARD = "gnu++0x";
				CLANG_CXX_LIBRARY = "libc++";
				CLANG_ENABLE_MODULES = YES;
				CLANG_ENABLE_OBJC_ARC = YES;
				CLANG_WARN_BOOL_CONVERSION = YES;
				CLANG_WARN_CONSTANT_CONVERSION = YES;
				CLANG_WARN_DIRECT_OBJC_ISA_USAGE = YES_ERROR;
				CLANG_WARN_EMPTY_BODY = YES;
				CLANG_WARN_ENUM_CONVERSION = YES;
				CLANG_WARN_INT_CONVERSION = YES;
				CLANG_WARN_OBJC_ROOT_CLASS = YES_ERROR;
				CLANG_WARN_UNREACHABLE_CODE = YES;
				CLANG_WARN__DUPLICATE_METHOD_MATCH = YES;
				"CODE_SIGN_IDENTITY[sdk=iphoneos*]" = "iPhone Developer";
				COPY_PHASE_STRIP = NO;
				CURRENT_PROJECT_VERSION = 1;
				DEBUG_INFORMATION_FORMAT = "dwarf-with-dsym";
				ENABLE_NS_ASSERTIONS = NO;
				ENABLE_STRICT_OBJC_MSGSEND = YES;
				GCC_C_LANGUAGE_STANDARD = gnu99;
				GCC_NO_COMMON_BLOCKS = YES;
				GCC_WARN_64_TO_32_BIT_CONVERSION = YES;
				GCC_WARN_ABOUT_RETURN_TYPE = YES_ERROR;
				GCC_WARN_UNDECLARED_SELECTOR = YES;
				GCC_WARN_UNINITIALIZED_AUTOS = YES_AGGRESSIVE;
				GCC_WARN_UNUSED_FUNCTION = YES;
				GCC_WARN_UNUSED_VARIABLE = YES;
				IPHONEOS_DEPLOYMENT_TARGET = 9.3;
				MTL_ENABLE_DEBUG_INFO = NO;
				SDKROOT = iphoneos;
				TARGETED_DEVICE_FAMILY = "1,2";
				VALIDATE_PRODUCT = YES;
				VERSIONING_SYSTEM = "apple-generic";
				VERSION_INFO_PREFIX = "";
			};
			name = Release;
		};
		3A8572B91CBFE0A1005FAA7E /* Debug */ = {
			isa = XCBuildConfiguration;
			buildSettings = {
				APPLICATION_EXTENSION_API_ONLY = YES;
				DEFINES_MODULE = YES;
				DYLIB_COMPATIBILITY_VERSION = 1;
				DYLIB_CURRENT_VERSION = 1;
				DYLIB_INSTALL_NAME_BASE = "@rpath";
				INFOPLIST_FILE = DCKeychainItemWrapper/Info.plist;
				INSTALL_PATH = "$(LOCAL_LIBRARY_DIR)/Frameworks";
				LD_RUNPATH_SEARCH_PATHS = "$(inherited) @executable_path/Frameworks @loader_path/Frameworks";
				PRODUCT_BUNDLE_IDENTIFIER = com.drewconner.DCKeychainItemWrapper;
				PRODUCT_NAME = "$(TARGET_NAME)";
				SKIP_INSTALL = YES;
			};
			name = Debug;
		};
		3A8572BA1CBFE0A1005FAA7E /* Release */ = {
			isa = XCBuildConfiguration;
			buildSettings = {
				APPLICATION_EXTENSION_API_ONLY = YES;
				DEFINES_MODULE = YES;
				DYLIB_COMPATIBILITY_VERSION = 1;
				DYLIB_CURRENT_VERSION = 1;
				DYLIB_INSTALL_NAME_BASE = "@rpath";
				INFOPLIST_FILE = DCKeychainItemWrapper/Info.plist;
				INSTALL_PATH = "$(LOCAL_LIBRARY_DIR)/Frameworks";
				LD_RUNPATH_SEARCH_PATHS = "$(inherited) @executable_path/Frameworks @loader_path/Frameworks";
				PRODUCT_BUNDLE_IDENTIFIER = com.drewconner.DCKeychainItemWrapper;
				PRODUCT_NAME = "$(TARGET_NAME)";
				SKIP_INSTALL = YES;
			};
			name = Release;
		};
		DC7285A61CE0FB7C00F2D8DB /* Debug */ = {
			isa = XCBuildConfiguration;
			buildSettings = {
				APPLICATION_EXTENSION_API_ONLY = YES;
				DEFINES_MODULE = YES;
				DYLIB_COMPATIBILITY_VERSION = 1;
				DYLIB_CURRENT_VERSION = 1;
				DYLIB_INSTALL_NAME_BASE = "@rpath";
				INFOPLIST_FILE = DCKeychainItemWrapper/Info.plist;
				INSTALL_PATH = "$(LOCAL_LIBRARY_DIR)/Frameworks";
				LD_RUNPATH_SEARCH_PATHS = "$(inherited) @executable_path/Frameworks @loader_path/Frameworks";
				PRODUCT_BUNDLE_IDENTIFIER = com.mailchimp.DCKeychainItemWrapper;
				PRODUCT_NAME = KeychainItemWrapper;
				SDKROOT = watchos;
				SKIP_INSTALL = YES;
				TARGETED_DEVICE_FAMILY = 4;
				WATCHOS_DEPLOYMENT_TARGET = 2.2;
			};
			name = Debug;
		};
		DC7285A71CE0FB7C00F2D8DB /* Release */ = {
			isa = XCBuildConfiguration;
			buildSettings = {
				APPLICATION_EXTENSION_API_ONLY = YES;
				DEFINES_MODULE = YES;
				DYLIB_COMPATIBILITY_VERSION = 1;
				DYLIB_CURRENT_VERSION = 1;
				DYLIB_INSTALL_NAME_BASE = "@rpath";
				INFOPLIST_FILE = DCKeychainItemWrapper/Info.plist;
				INSTALL_PATH = "$(LOCAL_LIBRARY_DIR)/Frameworks";
				LD_RUNPATH_SEARCH_PATHS = "$(inherited) @executable_path/Frameworks @loader_path/Frameworks";
				PRODUCT_BUNDLE_IDENTIFIER = com.mailchimp.DCKeychainItemWrapper;
				PRODUCT_NAME = KeychainItemWrapper;
				SDKROOT = watchos;
				SKIP_INSTALL = YES;
				TARGETED_DEVICE_FAMILY = 4;
				WATCHOS_DEPLOYMENT_TARGET = 2.2;
			};
			name = Release;
		};
/* End XCBuildConfiguration section */

/* Begin XCConfigurationList section */
		3A8572AA1CBFE0A1005FAA7E /* Build configuration list for PBXProject "DCKeychainItemWrapper" */ = {
			isa = XCConfigurationList;
			buildConfigurations = (
				3A8572B61CBFE0A1005FAA7E /* Debug */,
				3A8572B71CBFE0A1005FAA7E /* Release */,
			);
			defaultConfigurationIsVisible = 0;
			defaultConfigurationName = Release;
		};
		3A8572B81CBFE0A1005FAA7E /* Build configuration list for PBXNativeTarget "KeychainItemWrapper" */ = {
			isa = XCConfigurationList;
			buildConfigurations = (
				3A8572B91CBFE0A1005FAA7E /* Debug */,
				3A8572BA1CBFE0A1005FAA7E /* Release */,
			);
			defaultConfigurationIsVisible = 0;
			defaultConfigurationName = Release;
		};
		DC7285A81CE0FB7C00F2D8DB /* Build configuration list for PBXNativeTarget "DCKeychainItemWrapper watchOS" */ = {
			isa = XCConfigurationList;
			buildConfigurations = (
				DC7285A61CE0FB7C00F2D8DB /* Debug */,
				DC7285A71CE0FB7C00F2D8DB /* Release */,
			);
			defaultConfigurationIsVisible = 0;
		};
/* End XCConfigurationList section */
	};
	rootObject = 3A8572A71CBFE0A1005FAA7E /* Project object */;
}
